
Microsoft Visual Studio Solution File, Format Version 12.00
# Visual Studio Version 17
VisualStudioVersion = 17.2.32630.192
MinimumVisualStudioVersion = 10.0.40219.1
Project("{FAE04EC0-301F-11D3-BF4B-00C04F79EFBC}") = "ThreadLabApp", "ThreadLabApp\ThreadLabApp.csproj", "{6C9172E4-DE8A-4500-8166-7606CDAF2C53}"
EndProject
Project("{FAE04EC0-301F-11D3-BF4B-00C04F79EFBC}") = "SearchWordInTextFileApp", "SearchWordInTextFileApp\SearchWordInTextFileApp.csproj", "{F8B97E6C-1435-4E37-8D4B-85FC0A83E63C}"
EndProject
Global
	GlobalSection(SolutionConfigurationPlatforms) = preSolution
		Debug|Any CPU = Debug|Any CPU
		Release|Any CPU = Release|Any CPU
	EndGlobalSection
	GlobalSection(ProjectConfigurationPlatforms) = postSolution
		{6C9172E4-DE8A-4500-8166-7606CDAF2C53}.Debug|Any CPU.ActiveCfg = Debug|Any CPU
		{6C9172E4-DE8A-4500-8166-7606CDAF2C53}.Debug|Any CPU.Build.0 = Debug|Any CPU
		{6C9172E4-DE8A-4500-8166-7606CDAF2C53}.Release|Any CPU.ActiveCfg = Release|Any CPU
		{6C9172E4-DE8A-4500-8166-7606CDAF2C53}.Release|Any CPU.Build.0 = Release|Any CPU
		{F8B97E6C-1435-4E37-8D4B-85FC0A83E63C}.Debug|Any CPU.ActiveCfg = Debug|Any CPU
		{F8B97E6C-1435-4E37-8D4B-85FC0A83E63C}.Debug|Any CPU.Build.0 = Debug|Any CPU
		{F8B97E6C-1435-4E37-8D4B-85FC0A83E63C}.Release|Any CPU.ActiveCfg = Release|Any CPU
		{F8B97E6C-1435-4E37-8D4B-85FC0A83E63C}.Release|Any CPU.Build.0 = Release|Any CPU
	EndGlobalSection
	GlobalSection(SolutionProperties) = preSolution
		HideSolutionNode = FALSE
	EndGlobalSection
	GlobalSection(ExtensibilityGlobals) = postSolution
		SolutionGuid = {83FFFAF3-D2FF-40C2-8B5C-2F8DCA7B15D2}
	EndGlobalSection
EndGlobal
